
Microsoft Visual Studio Solution File, Format Version 12.00
# Visual Studio 14
VisualStudioVersion = 14.0.25420.1
MinimumVisualStudioVersion = 10.0.40219.1
Project("{FAE04EC0-301F-11D3-BF4B-00C04F79EFBC}") = "WebsitePerformance", "WebsitePerformance\WebsitePerformance.csproj", "{163F1DA7-2DAA-43A2-9578-2D03A3E3C73B}"
EndProject
Global
	GlobalSection(SolutionConfigurationPlatforms) = preSolution
		Debug|Any CPU = Debug|Any CPU
		Release|Any CPU = Release|Any CPU
	EndGlobalSection
	GlobalSection(ProjectConfigurationPlatforms) = postSolution
		{163F1DA7-2DAA-43A2-9578-2D03A3E3C73B}.Debug|Any CPU.ActiveCfg = Debug|Any CPU
		{163F1DA7-2DAA-43A2-9578-2D03A3E3C73B}.Debug|Any CPU.Build.0 = Debug|Any CPU
		{163F1DA7-2DAA-43A2-9578-2D03A3E3C73B}.Release|Any CPU.ActiveCfg = Release|Any CPU
		{163F1DA7-2DAA-43A2-9578-2D03A3E3C73B}.Release|Any CPU.Build.0 = Release|Any CPU
	EndGlobalSection
	GlobalSection(SolutionProperties) = preSolution
		HideSolutionNode = FALSE
	EndGlobalSection
EndGlobal
